
Microsoft Visual Studio Solution File, Format Version 12.00
# Visual Studio 15
VisualStudioVersion = 15.0.28010.2003
MinimumVisualStudioVersion = 10.0.40219.1
Project("{FAE04EC0-301F-11D3-BF4B-00C04F79EFBC}") = "transtur_web-service", "transtur_web-service\transtur_web-service.csproj", "{C7B22D4F-4387-4C7F-BECB-DC486C40FFD5}"
EndProject
Global
	GlobalSection(SolutionConfigurationPlatforms) = preSolution
		Debug|Any CPU = Debug|Any CPU
		Release|Any CPU = Release|Any CPU
	EndGlobalSection
	GlobalSection(ProjectConfigurationPlatforms) = postSolution
		{C7B22D4F-4387-4C7F-BECB-DC486C40FFD5}.Debug|Any CPU.ActiveCfg = Debug|Any CPU
		{C7B22D4F-4387-4C7F-BECB-DC486C40FFD5}.Debug|Any CPU.Build.0 = Debug|Any CPU
		{C7B22D4F-4387-4C7F-BECB-DC486C40FFD5}.Release|Any CPU.ActiveCfg = Release|Any CPU
		{C7B22D4F-4387-4C7F-BECB-DC486C40FFD5}.Release|Any CPU.Build.0 = Release|Any CPU
	EndGlobalSection
	GlobalSection(SolutionProperties) = preSolution
		HideSolutionNode = FALSE
	EndGlobalSection
	GlobalSection(ExtensibilityGlobals) = postSolution
		SolutionGuid = {9F796F92-DBA1-4828-85B6-913666185306}
	EndGlobalSection
EndGlobal
